// !$*UTF8*$!
{
	archiveVersion = 1;
	classes = {
	};
	objectVersion = 50;
	objects = {

/* Begin PBXBuildFile section */
		84FC828026BE73D800DF5A01 /* MovieModel.swift in Sources */ = {isa = PBXBuildFile; fileRef = 84FC827F26BE73D800DF5A01 /* MovieModel.swift */; };
		84FC828526C000A500DF5A01 /* DetailViewController.swift in Sources */ = {isa = PBXBuildFile; fileRef = 84FC828426C000A400DF5A01 /* DetailViewController.swift */; };
		84FC828A26C000BE00DF5A01 /* DetailViewController.storyboard in Resources */ = {isa = PBXBuildFile; fileRef = 84FC828926C000BE00DF5A01 /* DetailViewController.storyboard */; };
		CEA5C0A126BA5CD100335586 /* AppDelegate.swift in Sources */ = {isa = PBXBuildFile; fileRef = CEA5C0A026BA5CD100335586 /* AppDelegate.swift */; };
		CEA5C0A326BA5CD100335586 /* SceneDelegate.swift in Sources */ = {isa = PBXBuildFile; fileRef = CEA5C0A226BA5CD100335586 /* SceneDelegate.swift */; };
		CEA5C0A526BA5CD100335586 /* ViewController.swift in Sources */ = {isa = PBXBuildFile; fileRef = CEA5C0A426BA5CD100335586 /* ViewController.swift */; };
		CEA5C0A826BA5CD100335586 /* Main.storyboard in Resources */ = {isa = PBXBuildFile; fileRef = CEA5C0A626BA5CD100335586 /* Main.storyboard */; };
		CEA5C0AA26BA5CD300335586 /* Assets.xcassets in Resources */ = {isa = PBXBuildFile; fileRef = CEA5C0A926BA5CD300335586 /* Assets.xcassets */; };
		CEA5C0AD26BA5CD300335586 /* LaunchScreen.storyboard in Resources */ = {isa = PBXBuildFile; fileRef = CEA5C0AB26BA5CD300335586 /* LaunchScreen.storyboard */; };
		CEA5C0B826BA5CD400335586 /* MovieAppTests.swift in Sources */ = {isa = PBXBuildFile; fileRef = CEA5C0B726BA5CD400335586 /* MovieAppTests.swift */; };
		CEA5C0C326BA5CD400335586 /* MovieAppUITests.swift in Sources */ = {isa = PBXBuildFile; fileRef = CEA5C0C226BA5CD400335586 /* MovieAppUITests.swift */; };
		CEA5C0E026BA5FFF00335586 /* MovieCell.swift in Sources */ = {isa = PBXBuildFile; fileRef = CEA5C0DF26BA5FFF00335586 /* MovieCell.swift */; };
/* End PBXBuildFile section */

/* Begin PBXContainerItemProxy section */
		CEA5C0B426BA5CD400335586 /* PBXContainerItemProxy */ = {
			isa = PBXContainerItemProxy;
			containerPortal = CEA5C09526BA5CD100335586 /* Project object */;
			proxyType = 1;
			remoteGlobalIDString = CEA5C09C26BA5CD100335586;
			remoteInfo = MovieApp;
		};
		CEA5C0BF26BA5CD400335586 /* PBXContainerItemProxy */ = {
			isa = PBXContainerItemProxy;
			containerPortal = CEA5C09526BA5CD100335586 /* Project object */;
			proxyType = 1;
			remoteGlobalIDString = CEA5C09C26BA5CD100335586;
			remoteInfo = MovieApp;
		};
/* End PBXContainerItemProxy section */

/* Begin PBXFileReference section */
		84FC827F26BE73D800DF5A01 /* MovieModel.swift */ = {isa = PBXFileReference; lastKnownFileType = sourcecode.swift; path = MovieModel.swift; sourceTree = "<group>"; };
		84FC828426C000A400DF5A01 /* DetailViewController.swift */ = {isa = PBXFileReference; lastKnownFileType = sourcecode.swift; path = DetailViewController.swift; sourceTree = "<group>"; };
		84FC828926C000BE00DF5A01 /* DetailViewController.storyboard */ = {isa = PBXFileReference; lastKnownFileType = file.storyboard; path = DetailViewController.storyboard; sourceTree = "<group>"; };
		CEA5C09D26BA5CD100335586 /* MovieApp.app */ = {isa = PBXFileReference; explicitFileType = wrapper.application; includeInIndex = 0; path = MovieApp.app; sourceTree = BUILT_PRODUCTS_DIR; };
		CEA5C0A026BA5CD100335586 /* AppDelegate.swift */ = {isa = PBXFileReference; lastKnownFileType = sourcecode.swift; path = AppDelegate.swift; sourceTree = "<group>"; };
		CEA5C0A226BA5CD100335586 /* SceneDelegate.swift */ = {isa = PBXFileReference; lastKnownFileType = sourcecode.swift; path = SceneDelegate.swift; sourceTree = "<group>"; };
		CEA5C0A426BA5CD100335586 /* ViewController.swift */ = {isa = PBXFileReference; lastKnownFileType = sourcecode.swift; path = ViewController.swift; sourceTree = "<group>"; };
		CEA5C0A726BA5CD100335586 /* Base */ = {isa = PBXFileReference; lastKnownFileType = file.storyboard; name = Base; path = Base.lproj/Main.storyboard; sourceTree = "<group>"; };
		CEA5C0A926BA5CD300335586 /* Assets.xcassets */ = {isa = PBXFileReference; lastKnownFileType = folder.assetcatalog; path = Assets.xcassets; sourceTree = "<group>"; };
		CEA5C0AC26BA5CD300335586 /* Base */ = {isa = PBXFileReference; lastKnownFileType = file.storyboard; name = Base; path = Base.lproj/LaunchScreen.storyboard; sourceTree = "<group>"; };
		CEA5C0AE26BA5CD300335586 /* Info.plist */ = {isa = PBXFileReference; lastKnownFileType = text.plist.xml; path = Info.plist; sourceTree = "<group>"; };
		CEA5C0B326BA5CD400335586 /* MovieAppTests.xctest */ = {isa = PBXFileReference; explicitFileType = wrapper.cfbundle; includeInIndex = 0; path = MovieAppTests.xctest; sourceTree = BUILT_PRODUCTS_DIR; };
		CEA5C0B726BA5CD400335586 /* MovieAppTests.swift */ = {isa = PBXFileReference; lastKnownFileType = sourcecode.swift; path = MovieAppTests.swift; sourceTree = "<group>"; };
		CEA5C0B926BA5CD400335586 /* Info.plist */ = {isa = PBXFileReference; lastKnownFileType = text.plist.xml; path = Info.plist; sourceTree = "<group>"; };
		CEA5C0BE26BA5CD400335586 /* MovieAppUITests.xctest */ = {isa = PBXFileReference; explicitFileType = wrapper.cfbundle; includeInIndex = 0; path = MovieAppUITests.xctest; sourceTree = BUILT_PRODUCTS_DIR; };
		CEA5C0C226BA5CD400335586 /* MovieAppUITests.swift */ = {isa = PBXFileReference; lastKnownFileType = sourcecode.swift; path = MovieAppUITests.swift; sourceTree = "<group>"; };
		CEA5C0C426BA5CD400335586 /* Info.plist */ = {isa = PBXFileReference; lastKnownFileType = text.plist.xml; path = Info.plist; sourceTree = "<group>"; };
		CEA5C0DF26BA5FFF00335586 /* MovieCell.swift */ = {isa = PBXFileReference; lastKnownFileType = sourcecode.swift; path = MovieCell.swift; sourceTree = "<group>"; };
/* End PBXFileReference section */

/* Begin PBXFrameworksBuildPhase section */
		CEA5C09A26BA5CD100335586 /* Frameworks */ = {
			isa = PBXFrameworksBuildPhase;
			buildActionMask = 2147483647;
			files = (
			);
			runOnlyForDeploymentPostprocessing = 0;
		};
		CEA5C0B026BA5CD400335586 /* Frameworks */ = {
			isa = PBXFrameworksBuildPhase;
			buildActionMask = 2147483647;
			files = (
			);
			runOnlyForDeploymentPostprocessing = 0;
		};
		CEA5C0BB26BA5CD400335586 /* Frameworks */ = {
			isa = PBXFrameworksBuildPhase;
			buildActionMask = 2147483647;
			files = (
			);
			runOnlyForDeploymentPostprocessing = 0;
		};
/* End PBXFrameworksBuildPhase section */

/* Begin PBXGroup section */
		CEA5C09426BA5CD100335586 = {
			isa = PBXGroup;
			children = (
				CEA5C09F26BA5CD100335586 /* MovieApp */,
				CEA5C0B626BA5CD400335586 /* MovieAppTests */,
				CEA5C0C126BA5CD400335586 /* MovieAppUITests */,
				CEA5C09E26BA5CD100335586 /* Products */,
			);
			sourceTree = "<group>";
		};
		CEA5C09E26BA5CD100335586 /* Products */ = {
			isa = PBXGroup;
			children = (
				CEA5C09D26BA5CD100335586 /* MovieApp.app */,
				CEA5C0B326BA5CD400335586 /* MovieAppTests.xctest */,
				CEA5C0BE26BA5CD400335586 /* MovieAppUITests.xctest */,
			);
			name = Products;
			sourceTree = "<group>";
		};
		CEA5C09F26BA5CD100335586 /* MovieApp */ = {
			isa = PBXGroup;
			children = (
				CEA5C0A026BA5CD100335586 /* AppDelegate.swift */,
				CEA5C0A226BA5CD100335586 /* SceneDelegate.swift */,
				84FC828426C000A400DF5A01 /* DetailViewController.swift */,
				84FC827F26BE73D800DF5A01 /* MovieModel.swift */,
				84FC828926C000BE00DF5A01 /* DetailViewController.storyboard */,
				CEA5C0DF26BA5FFF00335586 /* MovieCell.swift */,
				CEA5C0A426BA5CD100335586 /* ViewController.swift */,
				CEA5C0A626BA5CD100335586 /* Main.storyboard */,
				CEA5C0A926BA5CD300335586 /* Assets.xcassets */,
				CEA5C0AB26BA5CD300335586 /* LaunchScreen.storyboard */,
				CEA5C0AE26BA5CD300335586 /* Info.plist */,
			);
			path = MovieApp;
			sourceTree = "<group>";
		};
		CEA5C0B626BA5CD400335586 /* MovieAppTests */ = {
			isa = PBXGroup;
			children = (
				CEA5C0B726BA5CD400335586 /* MovieAppTests.swift */,
				CEA5C0B926BA5CD400335586 /* Info.plist */,
			);
			path = MovieAppTests;
			sourceTree = "<group>";
		};
		CEA5C0C126BA5CD400335586 /* MovieAppUITests */ = {
			isa = PBXGroup;
			children = (
				CEA5C0C226BA5CD400335586 /* MovieAppUITests.swift */,
				CEA5C0C426BA5CD400335586 /* Info.plist */,
			);
			path = MovieAppUITests;
			sourceTree = "<group>";
		};
/* End PBXGroup section */

/* Begin PBXNativeTarget section */
		CEA5C09C26BA5CD100335586 /* MovieApp */ = {
			isa = PBXNativeTarget;
			buildConfigurationList = CEA5C0C726BA5CD400335586 /* Build configuration list for PBXNativeTarget "MovieApp" */;
			buildPhases = (
				CEA5C09926BA5CD100335586 /* Sources */,
				CEA5C09A26BA5CD100335586 /* Frameworks */,
				CEA5C09B26BA5CD100335586 /* Resources */,
			);
			buildRules = (
			);
			dependencies = (
			);
			name = MovieApp;
			productName = MovieApp;
			productReference = CEA5C09D26BA5CD100335586 /* MovieApp.app */;
			productType = "com.apple.product-type.application";
		};
		CEA5C0B226BA5CD400335586 /* MovieAppTests */ = {
			isa = PBXNativeTarget;
			buildConfigurationList = CEA5C0CA26BA5CD400335586 /* Build configuration list for PBXNativeTarget "MovieAppTests" */;
			buildPhases = (
				CEA5C0AF26BA5CD400335586 /* Sources */,
				CEA5C0B026BA5CD400335586 /* Frameworks */,
				CEA5C0B126BA5CD400335586 /* Resources */,
			);
			buildRules = (
			);
			dependencies = (
				CEA5C0B526BA5CD400335586 /* PBXTargetDependency */,
			);
			name = MovieAppTests;
			productName = MovieAppTests;
			productReference = CEA5C0B326BA5CD400335586 /* MovieAppTests.xctest */;
			productType = "com.apple.product-type.bundle.unit-test";
		};
		CEA5C0BD26BA5CD400335586 /* MovieAppUITests */ = {
			isa = PBXNativeTarget;
			buildConfigurationList = CEA5C0CD26BA5CD400335586 /* Build configuration list for PBXNativeTarget "MovieAppUITests" */;
			buildPhases = (
				CEA5C0BA26BA5CD400335586 /* Sources */,
				CEA5C0BB26BA5CD400335586 /* Frameworks */,
				CEA5C0BC26BA5CD400335586 /* Resources */,
			);
			buildRules = (
			);
			dependencies = (
				CEA5C0C026BA5CD400335586 /* PBXTargetDependency */,
			);
			name = MovieAppUITests;
			productName = MovieAppUITests;
			productReference = CEA5C0BE26BA5CD400335586 /* MovieAppUITests.xctest */;
			productType = "com.apple.product-type.bundle.ui-testing";
		};
/* End PBXNativeTarget section */

/* Begin PBXProject section */
		CEA5C09526BA5CD100335586 /* Project object */ = {
			isa = PBXProject;
			attributes = {
				LastSwiftUpdateCheck = 1230;
				LastUpgradeCheck = 1230;
				TargetAttributes = {
					CEA5C09C26BA5CD100335586 = {
						CreatedOnToolsVersion = 12.3;
					};
					CEA5C0B226BA5CD400335586 = {
						CreatedOnToolsVersion = 12.3;
						TestTargetID = CEA5C09C26BA5CD100335586;
					};
					CEA5C0BD26BA5CD400335586 = {
						CreatedOnToolsVersion = 12.3;
						TestTargetID = CEA5C09C26BA5CD100335586;
					};
				};
			};
			buildConfigurationList = CEA5C09826BA5CD100335586 /* Build configuration list for PBXProject "MovieApp" */;
			compatibilityVersion = "Xcode 9.3";
			developmentRegion = en;
			hasScannedForEncodings = 0;
			knownRegions = (
				en,
				Base,
			);
			mainGroup = CEA5C09426BA5CD100335586;
			productRefGroup = CEA5C09E26BA5CD100335586 /* Products */;
			projectDirPath = "";
			projectRoot = "";
			targets = (
				CEA5C09C26BA5CD100335586 /* MovieApp */,
				CEA5C0B226BA5CD400335586 /* MovieAppTests */,
				CEA5C0BD26BA5CD400335586 /* MovieAppUITests */,
			);
		};
/* End PBXProject section */

/* Begin PBXResourcesBuildPhase section */
		CEA5C09B26BA5CD100335586 /* Resources */ = {
			isa = PBXResourcesBuildPhase;
			buildActionMask = 2147483647;
			files = (
				84FC828A26C000BE00DF5A01 /* DetailViewController.storyboard in Resources */,
				CEA5C0AD26BA5CD300335586 /* LaunchScreen.storyboard in Resources */,
				CEA5C0AA26BA5CD300335586 /* Assets.xcassets in Resources */,
				CEA5C0A826BA5CD100335586 /* Main.storyboard in Resources */,
			);
			runOnlyForDeploymentPostprocessing = 0;
		};
		CEA5C0B126BA5CD400335586 /* Resources */ = {
			isa = PBXResourcesBuildPhase;
			buildActionMask = 2147483647;
			files = (
			);
			runOnlyForDeploymentPostprocessing = 0;
		};
		CEA5C0BC26BA5CD400335586 /* Resources */ = {
			isa = PBXResourcesBuildPhase;
			buildActionMask = 2147483647;
			files = (
			);
			runOnlyForDeploymentPostprocessing = 0;
		};
/* End PBXResourcesBuildPhase section */

/* Begin PBXSourcesBuildPhase section */
		CEA5C09926BA5CD100335586 /* Sources */ = {
			isa = PBXSourcesBuildPhase;
			buildActionMask = 2147483647;
			files = (
				CEA5C0A526BA5CD100335586 /* ViewController.swift in Sources */,
				CEA5C0A126BA5CD100335586 /* AppDelegate.swift in Sources */,
				84FC828026BE73D800DF5A01 /* MovieModel.swift in Sources */,
				84FC828526C000A500DF5A01 /* DetailViewController.swift in Sources */,
				CEA5C0E026BA5FFF00335586 /* MovieCell.swift in Sources */,
				CEA5C0A326BA5CD100335586 /* SceneDelegate.swift in Sources */,
			);
			runOnlyForDeploymentPostprocessing = 0;
		};
		CEA5C0AF26BA5CD400335586 /* Sources */ = {
			isa = PBXSourcesBuildPhase;
			buildActionMask = 2147483647;
			files = (
				CEA5C0B826BA5CD400335586 /* MovieAppTests.swift in Sources */,
			);
			runOnlyForDeploymentPostprocessing = 0;
		};
		CEA5C0BA26BA5CD400335586 /* Sources */ = {
			isa = PBXSourcesBuildPhase;
			buildActionMask = 2147483647;
			files = (
				CEA5C0C326BA5CD400335586 /* MovieAppUITests.swift in Sources */,
			);
			runOnlyForDeploymentPostprocessing = 0;
		};
/* End PBXSourcesBuildPhase section */

/* Begin PBXTargetDependency section */
		CEA5C0B526BA5CD400335586 /* PBXTargetDependency */ = {
			isa = PBXTargetDependency;
			target = CEA5C09C26BA5CD100335586 /* MovieApp */;
			targetProxy = CEA5C0B426BA5CD400335586 /* PBXContainerItemProxy */;
		};
		CEA5C0C026BA5CD400335586 /* PBXTargetDependency */ = {
			isa = PBXTargetDependency;
			target = CEA5C09C26BA5CD100335586 /* MovieApp */;
			targetProxy = CEA5C0BF26BA5CD400335586 /* PBXContainerItemProxy */;
		};
/* End PBXTargetDependency section */

/* Begin PBXVariantGroup section */
		CEA5C0A626BA5CD100335586 /* Main.storyboard */ = {
			isa = PBXVariantGroup;
			children = (
				CEA5C0A726BA5CD100335586 /* Base */,
			);
			name = Main.storyboard;
			sourceTree = "<group>";
		};
		CEA5C0AB26BA5CD300335586 /* LaunchScreen.storyboard */ = {
			isa = PBXVariantGroup;
			children = (
				CEA5C0AC26BA5CD300335586 /* Base */,
			);
			name = LaunchScreen.storyboard;
			sourceTree = "<group>";
		};
/* End PBXVariantGroup section */

/* Begin XCBuildConfiguration section */
		CEA5C0C526BA5CD400335586 /* Debug */ = {
			isa = XCBuildConfiguration;
			buildSettings = {
				ALWAYS_SEARCH_USER_PATHS = NO;
				CLANG_ANALYZER_NONNULL = YES;
				CLANG_ANALYZER_NUMBER_OBJECT_CONVERSION = YES_AGGRESSIVE;
				CLANG_CXX_LANGUAGE_STANDARD = "gnu++14";
				CLANG_CXX_LIBRARY = "libc++";
				CLANG_ENABLE_MODULES = YES;
				CLANG_ENABLE_OBJC_ARC = YES;
				CLANG_ENABLE_OBJC_WEAK = YES;
				CLANG_WARN_BLOCK_CAPTURE_AUTORELEASING = YES;
				CLANG_WARN_BOOL_CONVERSION = YES;
				CLANG_WARN_COMMA = YES;
				CLANG_WARN_CONSTANT_CONVERSION = YES;
				CLANG_WARN_DEPRECATED_OBJC_IMPLEMENTATIONS = YES;
				CLANG_WARN_DIRECT_OBJC_ISA_USAGE = YES_ERROR;
				CLANG_WARN_DOCUMENTATION_COMMENTS = YES;
				CLANG_WARN_EMPTY_BODY = YES;
				CLANG_WARN_ENUM_CONVERSION = YES;
				CLANG_WARN_INFINITE_RECURSION = YES;
				CLANG_WARN_INT_CONVERSION = YES;
				CLANG_WARN_NON_LITERAL_NULL_CONVERSION = YES;
				CLANG_WARN_OBJC_IMPLICIT_RETAIN_SELF = YES;
				CLANG_WARN_OBJC_LITERAL_CONVERSION = YES;
				CLANG_WARN_OBJC_ROOT_CLASS = YES_ERROR;
				CLANG_WARN_QUOTED_INCLUDE_IN_FRAMEWORK_HEADER = YES;
				CLANG_WARN_RANGE_LOOP_ANALYSIS = YES;
				CLANG_WARN_STRICT_PROTOTYPES = YES;
				CLANG_WARN_SUSPICIOUS_MOVE = YES;
				CLANG_WARN_UNGUARDED_AVAILABILITY = YES_AGGRESSIVE;
				CLANG_WARN_UNREACHABLE_CODE = YES;
				CLANG_WARN__DUPLICATE_METHOD_MATCH = YES;
				COPY_PHASE_STRIP = NO;
				DEBUG_INFORMATION_FORMAT = dwarf;
				ENABLE_STRICT_OBJC_MSGSEND = YES;
				ENABLE_TESTABILITY = YES;
				GCC_C_LANGUAGE_STANDARD = gnu11;
				GCC_DYNAMIC_NO_PIC = NO;
				GCC_NO_COMMON_BLOCKS = YES;
				GCC_OPTIMIZATION_LEVEL = 0;
				GCC_PREPROCESSOR_DEFINITIONS = (
					"DEBUG=1",
					"$(inherited)",
				);
				GCC_WARN_64_TO_32_BIT_CONVERSION = YES;
				GCC_WARN_ABOUT_RETURN_TYPE = YES_ERROR;
				GCC_WARN_UNDECLARED_SELECTOR = YES;
				GCC_WARN_UNINITIALIZED_AUTOS = YES_AGGRESSIVE;
				GCC_WARN_UNUSED_FUNCTION = YES;
				GCC_WARN_UNUSED_VARIABLE = YES;
				IPHONEOS_DEPLOYMENT_TARGET = 14.3;
				MTL_ENABLE_DEBUG_INFO = INCLUDE_SOURCE;
				MTL_FAST_MATH = YES;
				ONLY_ACTIVE_ARCH = YES;
				SDKROOT = iphoneos;
				SWIFT_ACTIVE_COMPILATION_CONDITIONS = DEBUG;
				SWIFT_OPTIMIZATION_LEVEL = "-Onone";
			};
			name = Debug;
		};
		CEA5C0C626BA5CD400335586 /* Release */ = {
			isa = XCBuildConfiguration;
			buildSettings = {
				ALWAYS_SEARCH_USER_PATHS = NO;
				CLANG_ANALYZER_NONNULL = YES;
				CLANG_ANALYZER_NUMBER_OBJECT_CONVERSION = YES_AGGRESSIVE;
				CLANG_CXX_LANGUAGE_STANDARD = "gnu++14";
				CLANG_CXX_LIBRARY = "libc++";
				CLANG_ENABLE_MODULES = YES;
				CLANG_ENABLE_OBJC_ARC = YES;
				CLANG_ENABLE_OBJC_WEAK = YES;
				CLANG_WARN_BLOCK_CAPTURE_AUTORELEASING = YES;
				CLANG_WARN_BOOL_CONVERSION = YES;
				CLANG_WARN_COMMA = YES;
				CLANG_WARN_CONSTANT_CONVERSION = YES;
				CLANG_WARN_DEPRECATED_OBJC_IMPLEMENTATIONS = YES;
				CLANG_WARN_DIRECT_OBJC_ISA_USAGE = YES_ERROR;
				CLANG_WARN_DOCUMENTATION_COMMENTS = YES;
				CLANG_WARN_EMPTY_BODY = YES;
				CLANG_WARN_ENUM_CONVERSION = YES;
				CLANG_WARN_INFINITE_RECURSION = YES;
				CLANG_WARN_INT_CONVERSION = YES;
				CLANG_WARN_NON_LITERAL_NULL_CONVERSION = YES;
				CLANG_WARN_OBJC_IMPLICIT_RETAIN_SELF = YES;
				CLANG_WARN_OBJC_LITERAL_CONVERSION = YES;
				CLANG_WARN_OBJC_ROOT_CLASS = YES_ERROR;
				CLANG_WARN_QUOTED_INCLUDE_IN_FRAMEWORK_HEADER = YES;
				CLANG_WARN_RANGE_LOOP_ANALYSIS = YES;
				CLANG_WARN_STRICT_PROTOTYPES = YES;
				CLANG_WARN_SUSPICIOUS_MOVE = YES;
				CLANG_WARN_UNGUARDED_AVAILABILITY = YES_AGGRESSIVE;
				CLANG_WARN_UNREACHABLE_CODE = YES;
				CLANG_WARN__DUPLICATE_METHOD_MATCH = YES;
				COPY_PHASE_STRIP = NO;
				DEBUG_INFORMATION_FORMAT = "dwarf-with-dsym";
				ENABLE_NS_ASSERTIONS = NO;
				ENABLE_STRICT_OBJC_MSGSEND = YES;
				GCC_C_LANGUAGE_STANDARD = gnu11;
				GCC_NO_COMMON_BLOCKS = YES;
				GCC_WARN_64_TO_32_BIT_CONVERSION = YES;
				GCC_WARN_ABOUT_RETURN_TYPE = YES_ERROR;
				GCC_WARN_UNDECLARED_SELECTOR = YES;
				GCC_WARN_UNINITIALIZED_AUTOS = YES_AGGRESSIVE;
				GCC_WARN_UNUSED_FUNCTION = YES;
				GCC_WARN_UNUSED_VARIABLE = YES;
				IPHONEOS_DEPLOYMENT_TARGET = 14.3;
				MTL_ENABLE_DEBUG_INFO = NO;
				MTL_FAST_MATH = YES;
				SDKROOT = iphoneos;
				SWIFT_COMPILATION_MODE = wholemodule;
				SWIFT_OPTIMIZATION_LEVEL = "-O";
				VALIDATE_PRODUCT = YES;
			};
			name = Release;
		};
		CEA5C0C826BA5CD400335586 /* Debug */ = {
			isa = XCBuildConfiguration;
			buildSettings = {
				ASSETCATALOG_COMPILER_APPICON_NAME = AppIcon;
				ASSETCATALOG_COMPILER_GLOBAL_ACCENT_COLOR_NAME = AccentColor;
				CODE_SIGN_STYLE = Automatic;
				INFOPLIST_FILE = MovieApp/Info.plist;
				IPHONEOS_DEPLOYMENT_TARGET = 13.2;
				LD_RUNPATH_SEARCH_PATHS = (
					"$(inherited)",
					"@executable_path/Frameworks",
				);
				PRODUCT_BUNDLE_IDENTIFIER = com.kkiri.MovieApp;
				PRODUCT_NAME = "$(TARGET_NAME)";
				SWIFT_VERSION = 5.0;
				TARGETED_DEVICE_FAMILY = "1,2";
			};
			name = Debug;
		};
		CEA5C0C926BA5CD400335586 /* Release */ = {
			isa = XCBuildConfiguration;
			buildSettings = {
				ASSETCATALOG_COMPILER_APPICON_NAME = AppIcon;
				ASSETCATALOG_COMPILER_GLOBAL_ACCENT_COLOR_NAME = AccentColor;
				CODE_SIGN_STYLE = Automatic;
				INFOPLIST_FILE = MovieApp/Info.plist;
				IPHONEOS_DEPLOYMENT_TARGET = 13.2;
				LD_RUNPATH_SEARCH_PATHS = (
					"$(inherited)",
					"@executable_path/Frameworks",
				);
				PRODUCT_BUNDLE_IDENTIFIER = com.kkiri.MovieApp;
				PRODUCT_NAME = "$(TARGET_NAME)";
				SWIFT_VERSION = 5.0;
				TARGETED_DEVICE_FAMILY = "1,2";
			};
			name = Release;
		};
		CEA5C0CB26BA5CD400335586 /* Debug */ = {
			isa = XCBuildConfiguration;
			buildSettings = {
				ALWAYS_EMBED_SWIFT_STANDARD_LIBRARIES = YES;
				BUNDLE_LOADER = "$(TEST_HOST)";
				CODE_SIGN_STYLE = Automatic;
				INFOPLIST_FILE = MovieAppTests/Info.plist;
				IPHONEOS_DEPLOYMENT_TARGET = 14.3;
				LD_RUNPATH_SEARCH_PATHS = (
					"$(inherited)",
					"@executable_path/Frameworks",
					"@loader_path/Frameworks",
				);
				PRODUCT_BUNDLE_IDENTIFIER = com.kkiri.MovieAppTests;
				PRODUCT_NAME = "$(TARGET_NAME)";
				SWIFT_VERSION = 5.0;
				TARGETED_DEVICE_FAMILY = "1,2";
				TEST_HOST = "$(BUILT_PRODUCTS_DIR)/MovieApp.app/MovieApp";
			};
			name = Debug;
		};
		CEA5C0CC26BA5CD400335586 /* Release */ = {
			isa = XCBuildConfiguration;
			buildSettings = {
				ALWAYS_EMBED_SWIFT_STANDARD_LIBRARIES = YES;
				BUNDLE_LOADER = "$(TEST_HOST)";
				CODE_SIGN_STYLE = Automatic;
				INFOPLIST_FILE = MovieAppTests/Info.plist;
				IPHONEOS_DEPLOYMENT_TARGET = 14.3;
				LD_RUNPATH_SEARCH_PATHS = (
					"$(inherited)",
					"@executable_path/Frameworks",
					"@loader_path/Frameworks",
				);
				PRODUCT_BUNDLE_IDENTIFIER = com.kkiri.MovieAppTests;
				PRODUCT_NAME = "$(TARGET_NAME)";
				SWIFT_VERSION = 5.0;
				TARGETED_DEVICE_FAMILY = "1,2";
				TEST_HOST = "$(BUILT_PRODUCTS_DIR)/MovieApp.app/MovieApp";
			};
			name = Release;
		};
		CEA5C0CE26BA5CD400335586 /* Debug */ = {
			isa = XCBuildConfiguration;
			buildSettings = {
				ALWAYS_EMBED_SWIFT_STANDARD_LIBRARIES = YES;
				CODE_SIGN_STYLE = Automatic;
				INFOPLIST_FILE = MovieAppUITests/Info.plist;
				LD_RUNPATH_SEARCH_PATHS = (
					"$(inherited)",
					"@executable_path/Frameworks",
					"@loader_path/Frameworks",
				);
				PRODUCT_BUNDLE_IDENTIFIER = com.kkiri.MovieAppUITests;
				PRODUCT_NAME = "$(TARGET_NAME)";
				SWIFT_VERSION = 5.0;
				TARGETED_DEVICE_FAMILY = "1,2";
				TEST_TARGET_NAME = MovieApp;
			};
			name = Debug;
		};
		CEA5C0CF26BA5CD400335586 /* Release */ = {
			isa = XCBuildConfiguration;
			buildSettings = {
				ALWAYS_EMBED_SWIFT_STANDARD_LIBRARIES = YES;
				CODE_SIGN_STYLE = Automatic;
				INFOPLIST_FILE = MovieAppUITests/Info.plist;
				LD_RUNPATH_SEARCH_PATHS = (
					"$(inherited)",
					"@executable_path/Frameworks",
					"@loader_path/Frameworks",
				);
				PRODUCT_BUNDLE_IDENTIFIER = com.kkiri.MovieAppUITests;
				PRODUCT_NAME = "$(TARGET_NAME)";
				SWIFT_VERSION = 5.0;
				TARGETED_DEVICE_FAMILY = "1,2";
				TEST_TARGET_NAME = MovieApp;
			};
			name = Release;
		};
/* End XCBuildConfiguration section */

/* Begin XCConfigurationList section */
		CEA5C09826BA5CD100335586 /* Build configuration list for PBXProject "MovieApp" */ = {
			isa = XCConfigurationList;
			buildConfigurations = (
				CEA5C0C526BA5CD400335586 /* Debug */,
				CEA5C0C626BA5CD400335586 /* Release */,
			);
			defaultConfigurationIsVisible = 0;
			defaultConfigurationName = Release;
		};
		CEA5C0C726BA5CD400335586 /* Build configuration list for PBXNativeTarget "MovieApp" */ = {
			isa = XCConfigurationList;
			buildConfigurations = (
				CEA5C0C826BA5CD400335586 /* Debug */,
				CEA5C0C926BA5CD400335586 /* Release */,
			);
			defaultConfigurationIsVisible = 0;
			defaultConfigurationName = Release;
		};
		CEA5C0CA26BA5CD400335586 /* Build configuration list for PBXNativeTarget "MovieAppTests" */ = {
			isa = XCConfigurationList;
			buildConfigurations = (
				CEA5C0CB26BA5CD400335586 /* Debug */,
				CEA5C0CC26BA5CD400335586 /* Release */,
			);
			defaultConfigurationIsVisible = 0;
			defaultConfigurationName = Release;
		};
		CEA5C0CD26BA5CD400335586 /* Build configuration list for PBXNativeTarget "MovieAppUITests" */ = {
			isa = XCConfigurationList;
			buildConfigurations = (
				CEA5C0CE26BA5CD400335586 /* Debug */,
				CEA5C0CF26BA5CD400335586 /* Release */,
			);
			defaultConfigurationIsVisible = 0;
			defaultConfigurationName = Release;
		};
/* End XCConfigurationList section */
	};
	rootObject = CEA5C09526BA5CD100335586 /* Project object */;
}
